
Microsoft Visual Studio Solution File, Format Version 12.00
# Visual Studio Version 17
VisualStudioVersion = 17.9.34607.119
MinimumVisualStudioVersion = 10.0.40219.1
Project("{FAE04EC0-301F-11D3-BF4B-00C04F79EFBC}") = "trabajoooao", "trabajoooao\trabajoooao.csproj", "{BE84F790-9F92-4DC4-A217-444E4A24128D}"
EndProject
Global
	GlobalSection(SolutionConfigurationPlatforms) = preSolution
		Debug|Any CPU = Debug|Any CPU
		Release|Any CPU = Release|Any CPU
	EndGlobalSection
	GlobalSection(ProjectConfigurationPlatforms) = postSolution
		{BE84F790-9F92-4DC4-A217-444E4A24128D}.Debug|Any CPU.ActiveCfg = Debug|Any CPU
		{BE84F790-9F92-4DC4-A217-444E4A24128D}.Debug|Any CPU.Build.0 = Debug|Any CPU
		{BE84F790-9F92-4DC4-A217-444E4A24128D}.Release|Any CPU.ActiveCfg = Release|Any CPU
		{BE84F790-9F92-4DC4-A217-444E4A24128D}.Release|Any CPU.Build.0 = Release|Any CPU
	EndGlobalSection
	GlobalSection(SolutionProperties) = preSolution
		HideSolutionNode = FALSE
	EndGlobalSection
	GlobalSection(ExtensibilityGlobals) = postSolution
		SolutionGuid = {0A325008-CC4E-496A-8594-088518C0F9B8}
	EndGlobalSection
EndGlobal
